Microsoft Visual Studio Solution File, Format Version 12.00
# Visual Studio Version 17
VisualStudioVersion = 17.5.2.0
MinimumVisualStudioVersion = 10.0.40219.1
Project("{FAE04EC0-301F-11D3-BF4B-00C04F79EFBC}") = "SalesApp.Api", "SalesApp.Api.csproj", "{B9312E77-BCD1-29A2-9682-DD1A2CB17A8D}"
EndProject
Global
	GlobalSection(SolutionConfigurationPlatforms) = preSolution
		Debug|Any CPU = Debug|Any CPU
		Release|Any CPU = Release|Any CPU
	EndGlobalSection
	GlobalSection(ProjectConfigurationPlatforms) = postSolution
		{B9312E77-BCD1-29A2-9682-DD1A2CB17A8D}.Debug|Any CPU.ActiveCfg = Debug|Any CPU
		{B9312E77-BCD1-29A2-9682-DD1A2CB17A8D}.Debug|Any CPU.Build.0 = Debug|Any CPU
		{B9312E77-BCD1-29A2-9682-DD1A2CB17A8D}.Release|Any CPU.ActiveCfg = Release|Any CPU
		{B9312E77-BCD1-29A2-9682-DD1A2CB17A8D}.Release|Any CPU.Build.0 = Release|Any CPU
	EndGlobalSection
	GlobalSection(SolutionProperties) = preSolution
		HideSolutionNode = FALSE
	EndGlobalSection
	GlobalSection(ExtensibilityGlobals) = postSolution
		SolutionGuid = {119308AE-A4B4-47E2-9BCC-05BA7B11A1C7}
	EndGlobalSection
EndGlobal
